
Microsoft Visual Studio Solution File, Format Version 12.00
# Visual Studio Version 16
VisualStudioVersion = 16.0.29209.62
MinimumVisualStudioVersion = 10.0.40219.1
Project("{8BC9CEB8-8B4A-11D0-8D11-00A0C91BC942}") = "Laboratorio_2_Javier_Morales_1210219", "Laboratorio_2_Javier_Morales_1210219.vcxproj", "{402ABDA5-CD3D-422A-B8FF-940D3656649D}"
EndProject
Global
	GlobalSection(SolutionConfigurationPlatforms) = preSolution
		Debug|x64 = Debug|x64
		Debug|x86 = Debug|x86
		Release|x64 = Release|x64
		Release|x86 = Release|x86
	EndGlobalSection
	GlobalSection(ProjectConfigurationPlatforms) = postSolution
		{402ABDA5-CD3D-422A-B8FF-940D3656649D}.Debug|x64.ActiveCfg = Debug|x64
		{402ABDA5-CD3D-422A-B8FF-940D3656649D}.Debug|x64.Build.0 = Debug|x64
		{402ABDA5-CD3D-422A-B8FF-940D3656649D}.Debug|x86.ActiveCfg = Debug|Win32
		{402ABDA5-CD3D-422A-B8FF-940D3656649D}.Debug|x86.Build.0 = Debug|Win32
		{402ABDA5-CD3D-422A-B8FF-940D3656649D}.Release|x64.ActiveCfg = Release|x64
		{402ABDA5-CD3D-422A-B8FF-940D3656649D}.Release|x64.Build.0 = Release|x64
		{402ABDA5-CD3D-422A-B8FF-940D3656649D}.Release|x86.ActiveCfg = Release|Win32
		{402ABDA5-CD3D-422A-B8FF-940D3656649D}.Release|x86.Build.0 = Release|Win32
	EndGlobalSection
	GlobalSection(SolutionProperties) = preSolution
		HideSolutionNode = FALSE
	EndGlobalSection
	GlobalSection(ExtensibilityGlobals) = postSolution
		SolutionGuid = {1BA3D368-9D2E-42C0-983C-296E375618FC}
	EndGlobalSection
EndGlobal
